
Microsoft Visual Studio Solution File, Format Version 12.00
# Visual Studio Version 17
VisualStudioVersion = 17.9.34723.18
MinimumVisualStudioVersion = 10.0.40219.1
Project("{9A19103F-16F7-4668-BE54-9A1E7A4F7556}") = "CYCLONE.API", "CYCLONE.API\CYCLONE.API.csproj", "{D803E18F-308E-47B8-BECF-3CD3CFD9D34D}"
EndProject
Project("{9A19103F-16F7-4668-BE54-9A1E7A4F7556}") = "CYCLONE.ConsoleApp.Test", "CYCLONE.Console.Test\CYCLONE.ConsoleApp.Test.csproj", "{0CA98A3D-B19A-4811-BEC3-9095C74B921E}"
EndProject
Project("{9A19103F-16F7-4668-BE54-9A1E7A4F7556}") = "CYCLONE.Template", "CYCLONE.Template\CYCLONE.Template.csproj", "{DCB54A9F-74DC-4089-A884-57951B89652F}"
EndProject
Global
	GlobalSection(SolutionConfigurationPlatforms) = preSolution
		Debug|Any CPU = Debug|Any CPU
		Release|Any CPU = Release|Any CPU
	EndGlobalSection
	GlobalSection(ProjectConfigurationPlatforms) = postSolution
		{D803E18F-308E-47B8-BECF-3CD3CFD9D34D}.Debug|Any CPU.ActiveCfg = Debug|Any CPU
		{D803E18F-308E-47B8-BECF-3CD3CFD9D34D}.Debug|Any CPU.Build.0 = Debug|Any CPU
		{D803E18F-308E-47B8-BECF-3CD3CFD9D34D}.Release|Any CPU.ActiveCfg = Release|Any CPU
		{D803E18F-308E-47B8-BECF-3CD3CFD9D34D}.Release|Any CPU.Build.0 = Release|Any CPU
		{0CA98A3D-B19A-4811-BEC3-9095C74B921E}.Debug|Any CPU.ActiveCfg = Debug|Any CPU
		{0CA98A3D-B19A-4811-BEC3-9095C74B921E}.Debug|Any CPU.Build.0 = Debug|Any CPU
		{0CA98A3D-B19A-4811-BEC3-9095C74B921E}.Release|Any CPU.ActiveCfg = Release|Any CPU
		{0CA98A3D-B19A-4811-BEC3-9095C74B921E}.Release|Any CPU.Build.0 = Release|Any CPU
		{DCB54A9F-74DC-4089-A884-57951B89652F}.Debug|Any CPU.ActiveCfg = Debug|Any CPU
		{DCB54A9F-74DC-4089-A884-57951B89652F}.Debug|Any CPU.Build.0 = Debug|Any CPU
		{DCB54A9F-74DC-4089-A884-57951B89652F}.Release|Any CPU.ActiveCfg = Release|Any CPU
		{DCB54A9F-74DC-4089-A884-57951B89652F}.Release|Any CPU.Build.0 = Release|Any CPU
	EndGlobalSection
	GlobalSection(SolutionProperties) = preSolution
		HideSolutionNode = FALSE
	EndGlobalSection
	GlobalSection(ExtensibilityGlobals) = postSolution
		SolutionGuid = {E36A6832-0E8A-4D75-B712-70B271BF574D}
	EndGlobalSection
EndGlobal
